<Solution>
  <Folder Name="/src/">
    <Project Path="src/TapScribe.Bundle.Core/TapScribe.Bundle.Core.csproj" />
    <Project Path="src/TapScribe.Bundle.Launcher/TapScribe.Bundle.Launcher.csproj" />
  </Folder>
  <Folder Name="/tests/">
    <Project Path="tests/TapScribe.Bundle.Core.Tests/TapScribe.Bundle.Core.Tests.csproj" />
  </Folder>
</Solution>
